
Microsoft Visual Studio Solution File, Format Version 12.00
# Visual Studio Version 17
VisualStudioVersion = 17.5.002.0
MinimumVisualStudioVersion = 10.0.40219.1
Project("{9A19103F-16F7-4668-BE54-9A1E7A4F7556}") = "2", "0\2.csproj", "{E6C8D318-3285-438D-BC2A-9B9972D9BC34}"
EndProject
Project("{9A19103F-16F7-4668-BE54-9A1E7A4F7556}") = "3", "1\3.csproj", "{D8275CCD-40E4-451F-A2BD-A07FC8340A12}"
EndProject
Project("{9A19103F-16F7-4668-BE54-9A1E7A4F7556}") = "4", "2\4.csproj", "{3FBB21E9-9713-4088-9F54-F711AC36F606}"
EndProject
Global
	GlobalSection(SolutionConfigurationPlatforms) = preSolution
		Debug|Any CPU = Debug|Any CPU
		Release|Any CPU = Release|Any CPU
	EndGlobalSection
	GlobalSection(ProjectConfigurationPlatforms) = postSolution
		{E6C8D318-3285-438D-BC2A-9B9972D9BC34}.Debug|Any CPU.ActiveCfg = Debug|Any CPU
		{E6C8D318-3285-438D-BC2A-9B9972D9BC34}.Debug|Any CPU.Build.0 = Debug|Any CPU
		{E6C8D318-3285-438D-BC2A-9B9972D9BC34}.Release|Any CPU.ActiveCfg = Release|Any CPU
		{E6C8D318-3285-438D-BC2A-9B9972D9BC34}.Release|Any CPU.Build.0 = Release|Any CPU
		{D8275CCD-40E4-451F-A2BD-A07FC8340A12}.Debug|Any CPU.ActiveCfg = Debug|Any CPU
		{D8275CCD-40E4-451F-A2BD-A07FC8340A12}.Debug|Any CPU.Build.0 = Debug|Any CPU
		{D8275CCD-40E4-451F-A2BD-A07FC8340A12}.Release|Any CPU.ActiveCfg = Release|Any CPU
		{D8275CCD-40E4-451F-A2BD-A07FC8340A12}.Release|Any CPU.Build.0 = Release|Any CPU
		{3FBB21E9-9713-4088-9F54-F711AC36F606}.Debug|Any CPU.ActiveCfg = Debug|Any CPU
		{3FBB21E9-9713-4088-9F54-F711AC36F606}.Debug|Any CPU.Build.0 = Debug|Any CPU
		{3FBB21E9-9713-4088-9F54-F711AC36F606}.Release|Any CPU.ActiveCfg = Release|Any CPU
		{3FBB21E9-9713-4088-9F54-F711AC36F606}.Release|Any CPU.Build.0 = Release|Any CPU
	EndGlobalSection
	GlobalSection(SolutionProperties) = preSolution
		HideSolutionNode = FALSE
	EndGlobalSection
	GlobalSection(ExtensibilityGlobals) = postSolution
		SolutionGuid = {51DA344D-3A95-40C3-BCF8-5AC9E6A03BD7}
	EndGlobalSection
EndGlobal
